// !$*UTF8*$!
{
	archiveVersion = 1;
	classes = {
	};
	objectVersion = 70;
	objects = {

/* Begin PBXBuildFile section */
		213F69B22A128836000BE6B0 /* LaunchScreen.storyboard in Resources */ = {isa = PBXBuildFile; fileRef = 213F69B02A128836000BE6B0 /* LaunchScreen.storyboard */; };
		71B6638528D0CABC00635A15 /* UnsupportedDevice.storyboard in Resources */ = {isa = PBXBuildFile; fileRef = 71B6638328D0CABC00635A15 /* UnsupportedDevice.storyboard */; };
		ACEF94B12820AD2300776A9D /* AppDelegate.swift in Sources */ = {isa = PBXBuildFile; fileRef = ACEF94B02820AD2300776A9D /* AppDelegate.swift */; };
		ACEF94B32820AD2300776A9D /* SceneDelegate.swift in Sources */ = {isa = PBXBuildFile; fileRef = ACEF94B22820AD2300776A9D /* SceneDelegate.swift */; };
		ACEF94B52820AD2300776A9D /* RoomCaptureViewController.swift in Sources */ = {isa = PBXBuildFile; fileRef = ACEF94B42820AD2300776A9D /* RoomCaptureViewController.swift */; };
		ACEF94B82820AD2300776A9D /* Main.storyboard in Resources */ = {isa = PBXBuildFile; fileRef = ACEF94B62820AD2300776A9D /* Main.storyboard */; };
		ACEF94BA2820AD2400776A9D /* Assets.xcassets in Resources */ = {isa = PBXBuildFile; fileRef = ACEF94B92820AD2400776A9D /* Assets.xcassets */; };
		ACEF94C62820AF6600776A9D /* OnboardingViewController.swift in Sources */ = {isa = PBXBuildFile; fileRef = ACEF94C52820AF6600776A9D /* OnboardingViewController.swift */; };
		CC000001DEADBEEF00000001 /* Constants.swift in Sources */ = {isa = PBXBuildFile; fileRef = CC000002DEADBEEF00000001 /* Constants.swift */; };
		CC000001DEADBEEF00000002 /* HapticFeedbackManager.swift in Sources */ = {isa = PBXBuildFile; fileRef = CC000002DEADBEEF00000002 /* HapticFeedbackManager.swift */; };
		CC000001DEADBEEF00000003 /* ScanStatistics.swift in Sources */ = {isa = PBXBuildFile; fileRef = CC000002DEADBEEF00000003 /* ScanStatistics.swift */; };
		CC000001DEADBEEF00000004 /* RoomCaptureError.swift in Sources */ = {isa = PBXBuildFile; fileRef = CC000002DEADBEEF00000004 /* RoomCaptureError.swift */; };
		CC000001DEADBEEF00000005 /* FloorPlanView.swift in Sources */ = {isa = PBXBuildFile; fileRef = CC000002DEADBEEF00000005 /* FloorPlanView.swift */; };
		CC000001DEADBEEF00000006 /* FloorPlanViewController.swift in Sources */ = {isa = PBXBuildFile; fileRef = CC000002DEADBEEF00000006 /* FloorPlanViewController.swift */; };
/* End PBXBuildFile section */

/* Begin PBXContainerItemProxy section */
		21B841992EE1FF7B00502C5E /* PBXContainerItemProxy */ = {
			isa = PBXContainerItemProxy;
			containerPortal = ACEF94A52820AD2300776A9D /* Project object */;
			proxyType = 1;
			remoteGlobalIDString = ACEF94AC2820AD2300776A9D;
			remoteInfo = RoomPlanSimple;
		};
		21B841AA2EE200CA00502C5E /* PBXContainerItemProxy */ = {
			isa = PBXContainerItemProxy;
			containerPortal = ACEF94A52820AD2300776A9D /* Project object */;
			proxyType = 1;
			remoteGlobalIDString = ACEF94AC2820AD2300776A9D;
			remoteInfo = RoomPlanSimple;
		};
/* End PBXContainerItemProxy section */

/* Begin PBXFileReference section */
		05C7567A6B268FC70FFB0FCC /* README.md */ = {isa = PBXFileReference; lastKnownFileType = net.daringfireball.markdown; path = README.md; sourceTree = "<group>"; };
		213F69B12A128836000BE6B0 /* Base */ = {isa = PBXFileReference; lastKnownFileType = file.storyboard; name = Base; path = Base.lproj/LaunchScreen.storyboard; sourceTree = "<group>"; };
		21B841932EE1FF7B00502C5E /* RoomPlanSimpleUITests.xctest */ = {isa = PBXFileReference; explicitFileType = wrapper.cfbundle; includeInIndex = 0; path = RoomPlanSimpleUITests.xctest; sourceTree = BUILT_PRODUCTS_DIR; };
		21B841A62EE200CA00502C5E /* RoomPlanSimpleTests.xctest */ = {isa = PBXFileReference; explicitFileType = wrapper.cfbundle; includeInIndex = 0; path = RoomPlanSimpleTests.xctest; sourceTree = BUILT_PRODUCTS_DIR; };
		35A95C3C90A8D7FA01AA694A /* SampleCode.xcconfig */ = {isa = PBXFileReference; lastKnownFileType = text.xcconfig; name = SampleCode.xcconfig; path = Configuration/SampleCode.xcconfig; sourceTree = "<group>"; };
		71B6638428D0CABC00635A15 /* Base */ = {isa = PBXFileReference; lastKnownFileType = file.storyboard; name = Base; path = Base.lproj/UnsupportedDevice.storyboard; sourceTree = "<group>"; };
		ACEF94AD2820AD2300776A9D /* RoomPlanSimple.app */ = {isa = PBXFileReference; explicitFileType = wrapper.application; includeInIndex = 0; path = RoomPlanSimple.app; sourceTree = BUILT_PRODUCTS_DIR; };
		ACEF94B02820AD2300776A9D /* AppDelegate.swift */ = {isa = PBXFileReference; lastKnownFileType = sourcecode.swift; path = AppDelegate.swift; sourceTree = "<group>"; };
		ACEF94B22820AD2300776A9D /* SceneDelegate.swift */ = {isa = PBXFileReference; lastKnownFileType = sourcecode.swift; path = SceneDelegate.swift; sourceTree = "<group>"; };
		ACEF94B42820AD2300776A9D /* RoomCaptureViewController.swift */ = {isa = PBXFileReference; lastKnownFileType = sourcecode.swift; path = RoomCaptureViewController.swift; sourceTree = "<group>"; };
		ACEF94B72820AD2300776A9D /* Base */ = {isa = PBXFileReference; lastKnownFileType = file.storyboard; name = Base; path = Base.lproj/Main.storyboard; sourceTree = "<group>"; };
		ACEF94B92820AD2400776A9D /* Assets.xcassets */ = {isa = PBXFileReference; lastKnownFileType = folder.assetcatalog; path = Assets.xcassets; sourceTree = "<group>"; };
		ACEF94BE2820AD2400776A9D /* Info.plist */ = {isa = PBXFileReference; lastKnownFileType = text.plist.xml; path = Info.plist; sourceTree = "<group>"; };
		ACEF94C52820AF6600776A9D /* OnboardingViewController.swift */ = {isa = PBXFileReference; fileEncoding = 4; lastKnownFileType = sourcecode.swift; path = OnboardingViewController.swift; sourceTree = "<group>"; };
		CC000002DEADBEEF00000001 /* Constants.swift */ = {isa = PBXFileReference; lastKnownFileType = sourcecode.swift; path = Constants.swift; sourceTree = "<group>"; };
		CC000002DEADBEEF00000002 /* HapticFeedbackManager.swift */ = {isa = PBXFileReference; lastKnownFileType = sourcecode.swift; path = HapticFeedbackManager.swift; sourceTree = "<group>"; };
		CC000002DEADBEEF00000003 /* ScanStatistics.swift */ = {isa = PBXFileReference; lastKnownFileType = sourcecode.swift; path = ScanStatistics.swift; sourceTree = "<group>"; };
		CC000002DEADBEEF00000004 /* RoomCaptureError.swift */ = {isa = PBXFileReference; lastKnownFileType = sourcecode.swift; path = RoomCaptureError.swift; sourceTree = "<group>"; };
		CC000002DEADBEEF00000005 /* FloorPlanView.swift */ = {isa = PBXFileReference; lastKnownFileType = sourcecode.swift; path = FloorPlanView.swift; sourceTree = "<group>"; };
		CC000002DEADBEEF00000006 /* FloorPlanViewController.swift */ = {isa = PBXFileReference; lastKnownFileType = sourcecode.swift; path = FloorPlanViewController.swift; sourceTree = "<group>"; };
		CD4891E2C9F3F7012DE25B49 /* LICENSE.txt */ = {isa = PBXFileReference; includeInIndex = 1; lastKnownFileType = text; path = LICENSE.txt; sourceTree = "<group>"; };
/* End PBXFileReference section */

/* Begin PBXFileSystemSynchronizedRootGroup section */
		21B841942EE1FF7B00502C5E /* RoomPlanSimpleUITests */ = {isa = PBXFileSystemSynchronizedRootGroup; explicitFileTypes = {}; explicitFolders = (); path = RoomPlanSimpleUITests; sourceTree = "<group>"; };
		21B841A72EE200CA00502C5E /* RoomPlanSimpleTests */ = {isa = PBXFileSystemSynchronizedRootGroup; explicitFileTypes = {}; explicitFolders = (); path = RoomPlanSimpleTests; sourceTree = "<group>"; };
/* End PBXFileSystemSynchronizedRootGroup section */

/* Begin PBXFrameworksBuildPhase section */
		21B841902EE1FF7B00502C5E /* Frameworks */ = {
			isa = PBXFrameworksBuildPhase;
			buildActionMask = 2147483647;
			files = (
			);
			runOnlyForDeploymentPostprocessing = 0;
		};
		21B841A32EE200CA00502C5E /* Frameworks */ = {
			isa = PBXFrameworksBuildPhase;
			buildActionMask = 2147483647;
			files = (
			);
			runOnlyForDeploymentPostprocessing = 0;
		};
		ACEF94AA2820AD2300776A9D /* Frameworks */ = {
			isa = PBXFrameworksBuildPhase;
			buildActionMask = 2147483647;
			files = (
			);
			runOnlyForDeploymentPostprocessing = 0;
		};
/* End PBXFrameworksBuildPhase section */

/* Begin PBXGroup section */
		0ED4ADFE8897242ABECFB073 /* Configuration */ = {
			isa = PBXGroup;
			children = (
				35A95C3C90A8D7FA01AA694A /* SampleCode.xcconfig */,
			);
			name = Configuration;
			sourceTree = "<group>";
		};
		ACEF94A42820AD2300776A9D = {
			isa = PBXGroup;
			children = (
				05C7567A6B268FC70FFB0FCC /* README.md */,
				ACEF94AF2820AD2300776A9D /* RoomPlanSimple */,
				21B841942EE1FF7B00502C5E /* RoomPlanSimpleUITests */,
				21B841A72EE200CA00502C5E /* RoomPlanSimpleTests */,
				ACEF94AE2820AD2300776A9D /* Products */,
				0ED4ADFE8897242ABECFB073 /* Configuration */,
				C4CB873CC14D1C6A55335C8A /* LICENSE */,
			);
			sourceTree = "<group>";
		};
		ACEF94AE2820AD2300776A9D /* Products */ = {
			isa = PBXGroup;
			children = (
				ACEF94AD2820AD2300776A9D /* RoomPlanSimple.app */,
				21B841932EE1FF7B00502C5E /* RoomPlanSimpleUITests.xctest */,
				21B841A62EE200CA00502C5E /* RoomPlanSimpleTests.xctest */,
			);
			name = Products;
			sourceTree = "<group>";
		};
		ACEF94AF2820AD2300776A9D /* RoomPlanSimple */ = {
			isa = PBXGroup;
			children = (
				ACEF94B02820AD2300776A9D /* AppDelegate.swift */,
				ACEF94B22820AD2300776A9D /* SceneDelegate.swift */,
				CC000002DEADBEEF00000001 /* Constants.swift */,
				CC000002DEADBEEF00000004 /* RoomCaptureError.swift */,
				CC000002DEADBEEF00000002 /* HapticFeedbackManager.swift */,
				CC000002DEADBEEF00000003 /* ScanStatistics.swift */,
				ACEF94C52820AF6600776A9D /* OnboardingViewController.swift */,
				ACEF94B42820AD2300776A9D /* RoomCaptureViewController.swift */,
				CC000002DEADBEEF00000005 /* FloorPlanView.swift */,
				CC000002DEADBEEF00000006 /* FloorPlanViewController.swift */,
				ACEF94B62820AD2300776A9D /* Main.storyboard */,
				71B6638328D0CABC00635A15 /* UnsupportedDevice.storyboard */,
				ACEF94B92820AD2400776A9D /* Assets.xcassets */,
				213F69B02A128836000BE6B0 /* LaunchScreen.storyboard */,
				ACEF94BE2820AD2400776A9D /* Info.plist */,
			);
			path = RoomPlanSimple;
			sourceTree = "<group>";
		};
		C4CB873CC14D1C6A55335C8A /* LICENSE */ = {
			isa = PBXGroup;
			children = (
				CD4891E2C9F3F7012DE25B49 /* LICENSE.txt */,
			);
			path = LICENSE;
			sourceTree = "<group>";
		};
/* End PBXGroup section */

/* Begin PBXNativeTarget section */
		21B841922EE1FF7B00502C5E /* RoomPlanSimpleUITests */ = {
			isa = PBXNativeTarget;
			buildConfigurationList = 21B8419D2EE1FF7B00502C5E /* Build configuration list for PBXNativeTarget "RoomPlanSimpleUITests" */;
			buildPhases = (
				21B8418F2EE1FF7B00502C5E /* Sources */,
				21B841902EE1FF7B00502C5E /* Frameworks */,
				21B841912EE1FF7B00502C5E /* Resources */,
			);
			buildRules = (
			);
			dependencies = (
				21B8419A2EE1FF7B00502C5E /* PBXTargetDependency */,
			);
			fileSystemSynchronizedGroups = (
				21B841942EE1FF7B00502C5E /* RoomPlanSimpleUITests */,
			);
			name = RoomPlanSimpleUITests;
			packageProductDependencies = (
			);
			productName = RoomPlanSimpleUITests;
			productReference = 21B841932EE1FF7B00502C5E /* RoomPlanSimpleUITests.xctest */;
			productType = "com.apple.product-type.bundle.ui-testing";
		};
		21B841A52EE200CA00502C5E /* RoomPlanSimpleTests */ = {
			isa = PBXNativeTarget;
			buildConfigurationList = 21B841AC2EE200CA00502C5E /* Build configuration list for PBXNativeTarget "RoomPlanSimpleTests" */;
			buildPhases = (
				21B841A22EE200CA00502C5E /* Sources */,
				21B841A32EE200CA00502C5E /* Frameworks */,
				21B841A42EE200CA00502C5E /* Resources */,
			);
			buildRules = (
			);
			dependencies = (
				21B841AB2EE200CA00502C5E /* PBXTargetDependency */,
			);
			fileSystemSynchronizedGroups = (
				21B841A72EE200CA00502C5E /* RoomPlanSimpleTests */,
			);
			name = RoomPlanSimpleTests;
			packageProductDependencies = (
			);
			productName = RoomPlanSimpleTests;
			productReference = 21B841A62EE200CA00502C5E /* RoomPlanSimpleTests.xctest */;
			productType = "com.apple.product-type.bundle.unit-test";
		};
		ACEF94AC2820AD2300776A9D /* RoomPlanSimple */ = {
			isa = PBXNativeTarget;
			buildConfigurationList = ACEF94C12820AD2400776A9D /* Build configuration list for PBXNativeTarget "RoomPlanSimple" */;
			buildPhases = (
				ACEF94A92820AD2300776A9D /* Sources */,
				ACEF94AA2820AD2300776A9D /* Frameworks */,
				ACEF94AB2820AD2300776A9D /* Resources */,
			);
			buildRules = (
			);
			dependencies = (
			);
			name = RoomPlanSimple;
			productName = RoomPlanSimple;
			productReference = ACEF94AD2820AD2300776A9D /* RoomPlanSimple.app */;
			productType = "com.apple.product-type.application";
		};
/* End PBXNativeTarget section */

/* Begin PBXProject section */
		ACEF94A52820AD2300776A9D /* Project object */ = {
			isa = PBXProject;
			attributes = {
				BuildIndependentTargetsInParallel = 1;
				LastSwiftUpdateCheck = 2610;
				LastUpgradeCheck = 1400;
				ORGANIZATIONNAME = Apple;
				TargetAttributes = {
					21B841922EE1FF7B00502C5E = {
						CreatedOnToolsVersion = 26.1.1;
						TestTargetID = ACEF94AC2820AD2300776A9D;
					};
					21B841A52EE200CA00502C5E = {
						CreatedOnToolsVersion = 26.1.1;
						TestTargetID = ACEF94AC2820AD2300776A9D;
					};
					ACEF94AC2820AD2300776A9D = {
						CreatedOnToolsVersion = 14.0;
					};
				};
			};
			buildConfigurationList = ACEF94A82820AD2300776A9D /* Build configuration list for PBXProject "RoomPlanSimple" */;
			compatibilityVersion = "Xcode 14.0";
			developmentRegion = en;
			hasScannedForEncodings = 0;
			knownRegions = (
				en,
				Base,
			);
			mainGroup = ACEF94A42820AD2300776A9D;
			productRefGroup = ACEF94AE2820AD2300776A9D /* Products */;
			projectDirPath = "";
			projectRoot = "";
			targets = (
				ACEF94AC2820AD2300776A9D /* RoomPlanSimple */,
				21B841922EE1FF7B00502C5E /* RoomPlanSimpleUITests */,
				21B841A52EE200CA00502C5E /* RoomPlanSimpleTests */,
			);
		};
/* End PBXProject section */

/* Begin PBXResourcesBuildPhase section */
		21B841912EE1FF7B00502C5E /* Resources */ = {
			isa = PBXResourcesBuildPhase;
			buildActionMask = 2147483647;
			files = (
			);
			runOnlyForDeploymentPostprocessing = 0;
		};
		21B841A42EE200CA00502C5E /* Resources */ = {
			isa = PBXResourcesBuildPhase;
			buildActionMask = 2147483647;
			files = (
			);
			runOnlyForDeploymentPostprocessing = 0;
		};
		ACEF94AB2820AD2300776A9D /* Resources */ = {
			isa = PBXResourcesBuildPhase;
			buildActionMask = 2147483647;
			files = (
				71B6638528D0CABC00635A15 /* UnsupportedDevice.storyboard in Resources */,
				213F69B22A128836000BE6B0 /* LaunchScreen.storyboard in Resources */,
				ACEF94BA2820AD2400776A9D /* Assets.xcassets in Resources */,
				ACEF94B82820AD2300776A9D /* Main.storyboard in Resources */,
			);
			runOnlyForDeploymentPostprocessing = 0;
		};
/* End PBXResourcesBuildPhase section */

/* Begin PBXSourcesBuildPhase section */
		21B8418F2EE1FF7B00502C5E /* Sources */ = {
			isa = PBXSourcesBuildPhase;
			buildActionMask = 2147483647;
			files = (
			);
			runOnlyForDeploymentPostprocessing = 0;
		};
		21B841A22EE200CA00502C5E /* Sources */ = {
			isa = PBXSourcesBuildPhase;
			buildActionMask = 2147483647;
			files = (
			);
			runOnlyForDeploymentPostprocessing = 0;
		};
		ACEF94A92820AD2300776A9D /* Sources */ = {
			isa = PBXSourcesBuildPhase;
			buildActionMask = 2147483647;
			files = (
				ACEF94B52820AD2300776A9D /* RoomCaptureViewController.swift in Sources */,
				ACEF94B12820AD2300776A9D /* AppDelegate.swift in Sources */,
				ACEF94B32820AD2300776A9D /* SceneDelegate.swift in Sources */,
				ACEF94C62820AF6600776A9D /* OnboardingViewController.swift in Sources */,
				CC000001DEADBEEF00000001 /* Constants.swift in Sources */,
				CC000001DEADBEEF00000002 /* HapticFeedbackManager.swift in Sources */,
				CC000001DEADBEEF00000003 /* ScanStatistics.swift in Sources */,
				CC000001DEADBEEF00000004 /* RoomCaptureError.swift in Sources */,
				CC000001DEADBEEF00000005 /* FloorPlanView.swift in Sources */,
				CC000001DEADBEEF00000006 /* FloorPlanViewController.swift in Sources */,
			);
			runOnlyForDeploymentPostprocessing = 0;
		};
/* End PBXSourcesBuildPhase section */

/* Begin PBXTargetDependency section */
		21B8419A2EE1FF7B00502C5E /* PBXTargetDependency */ = {
			isa = PBXTargetDependency;
			target = ACEF94AC2820AD2300776A9D /* RoomPlanSimple */;
			targetProxy = 21B841992EE1FF7B00502C5E /* PBXContainerItemProxy */;
		};
		21B841AB2EE200CA00502C5E /* PBXTargetDependency */ = {
			isa = PBXTargetDependency;
			target = ACEF94AC2820AD2300776A9D /* RoomPlanSimple */;
			targetProxy = 21B841AA2EE200CA00502C5E /* PBXContainerItemProxy */;
		};
/* End PBXTargetDependency section */

/* Begin PBXVariantGroup section */
		213F69B02A128836000BE6B0 /* LaunchScreen.storyboard */ = {
			isa = PBXVariantGroup;
			children = (
				213F69B12A128836000BE6B0 /* Base */,
			);
			name = LaunchScreen.storyboard;
			sourceTree = "<group>";
		};
		71B6638328D0CABC00635A15 /* UnsupportedDevice.storyboard */ = {
			isa = PBXVariantGroup;
			children = (
				71B6638428D0CABC00635A15 /* Base */,
			);
			name = UnsupportedDevice.storyboard;
			sourceTree = "<group>";
		};
		ACEF94B62820AD2300776A9D /* Main.storyboard */ = {
			isa = PBXVariantGroup;
			children = (
				ACEF94B72820AD2300776A9D /* Base */,
			);
			name = Main.storyboard;
			sourceTree = "<group>";
		};
/* End PBXVariantGroup section */

/* Begin XCBuildConfiguration section */
		21B8419B2EE1FF7B00502C5E /* Debug */ = {
			isa = XCBuildConfiguration;
			buildSettings = {
				ASSETCATALOG_COMPILER_GENERATE_SWIFT_ASSET_SYMBOL_EXTENSIONS = YES;
				CLANG_CXX_LANGUAGE_STANDARD = "gnu++20";
				CODE_SIGN_STYLE = Automatic;
				CURRENT_PROJECT_VERSION = 1;
				DEVELOPMENT_TEAM = U4GT5CZ7J7;
				ENABLE_USER_SCRIPT_SANDBOXING = YES;
				GCC_C_LANGUAGE_STANDARD = gnu17;
				GENERATE_INFOPLIST_FILE = YES;
				IPHONEOS_DEPLOYMENT_TARGET = 18.6;
				LOCALIZATION_PREFERS_STRING_CATALOGS = YES;
				MARKETING_VERSION = 1.0;
				PRODUCT_BUNDLE_IDENTIFIER = trahe.eu.RoomPlanSimpleUITests;
				PRODUCT_NAME = "$(TARGET_NAME)";
				STRING_CATALOG_GENERATE_SYMBOLS = NO;
				SWIFT_ACTIVE_COMPILATION_CONDITIONS = "DEBUG $(inherited)";
				SWIFT_APPROACHABLE_CONCURRENCY = YES;
				SWIFT_EMIT_LOC_STRINGS = NO;
				SWIFT_UPCOMING_FEATURE_MEMBER_IMPORT_VISIBILITY = YES;
				SWIFT_VERSION = 5.0;
				TARGETED_DEVICE_FAMILY = "1,2";
				TEST_TARGET_NAME = RoomPlanSimple;
			};
			name = Debug;
		};
		21B8419C2EE1FF7B00502C5E /* Release */ = {
			isa = XCBuildConfiguration;
			buildSettings = {
				ASSETCATALOG_COMPILER_GENERATE_SWIFT_ASSET_SYMBOL_EXTENSIONS = YES;
				CLANG_CXX_LANGUAGE_STANDARD = "gnu++20";
				CODE_SIGN_STYLE = Automatic;
				CURRENT_PROJECT_VERSION = 1;
				DEVELOPMENT_TEAM = U4GT5CZ7J7;
				ENABLE_USER_SCRIPT_SANDBOXING = YES;
				GCC_C_LANGUAGE_STANDARD = gnu17;
				GENERATE_INFOPLIST_FILE = YES;
				IPHONEOS_DEPLOYMENT_TARGET = 18.6;
				LOCALIZATION_PREFERS_STRING_CATALOGS = YES;
				MARKETING_VERSION = 1.0;
				PRODUCT_BUNDLE_IDENTIFIER = trahe.eu.RoomPlanSimpleUITests;
				PRODUCT_NAME = "$(TARGET_NAME)";
				STRING_CATALOG_GENERATE_SYMBOLS = NO;
				SWIFT_APPROACHABLE_CONCURRENCY = YES;
				SWIFT_EMIT_LOC_STRINGS = NO;
				SWIFT_UPCOMING_FEATURE_MEMBER_IMPORT_VISIBILITY = YES;
				SWIFT_VERSION = 5.0;
				TARGETED_DEVICE_FAMILY = "1,2";
				TEST_TARGET_NAME = RoomPlanSimple;
			};
			name = Release;
		};
		21B841AD2EE200CA00502C5E /* Debug */ = {
			isa = XCBuildConfiguration;
			buildSettings = {
				ASSETCATALOG_COMPILER_GENERATE_SWIFT_ASSET_SYMBOL_EXTENSIONS = YES;
				BUNDLE_LOADER = "$(TEST_HOST)";
				CLANG_CXX_LANGUAGE_STANDARD = "gnu++20";
				CODE_SIGN_STYLE = Automatic;
				CURRENT_PROJECT_VERSION = 1;
				DEVELOPMENT_TEAM = U4GT5CZ7J7;
				ENABLE_USER_SCRIPT_SANDBOXING = YES;
				GCC_C_LANGUAGE_STANDARD = gnu17;
				GENERATE_INFOPLIST_FILE = YES;
				IPHONEOS_DEPLOYMENT_TARGET = 18.6;
				LOCALIZATION_PREFERS_STRING_CATALOGS = YES;
				MARKETING_VERSION = 1.0;
				PRODUCT_BUNDLE_IDENTIFIER = trahe.eu.RoomPlanSimpleTests;
				PRODUCT_NAME = "$(TARGET_NAME)";
				STRING_CATALOG_GENERATE_SYMBOLS = NO;
				SWIFT_ACTIVE_COMPILATION_CONDITIONS = "DEBUG $(inherited)";
				SWIFT_APPROACHABLE_CONCURRENCY = YES;
				SWIFT_EMIT_LOC_STRINGS = NO;
				SWIFT_UPCOMING_FEATURE_MEMBER_IMPORT_VISIBILITY = YES;
				SWIFT_VERSION = 5.0;
				TARGETED_DEVICE_FAMILY = "1,2";
				TEST_HOST = "$(BUILT_PRODUCTS_DIR)/RoomPlanSimple.app/$(BUNDLE_EXECUTABLE_FOLDER_PATH)/RoomPlanSimple";
			};
			name = Debug;
		};
		21B841AE2EE200CA00502C5E /* Release */ = {
			isa = XCBuildConfiguration;
			buildSettings = {
				ASSETCATALOG_COMPILER_GENERATE_SWIFT_ASSET_SYMBOL_EXTENSIONS = YES;
				BUNDLE_LOADER = "$(TEST_HOST)";
				CLANG_CXX_LANGUAGE_STANDARD = "gnu++20";
				CODE_SIGN_STYLE = Automatic;
				CURRENT_PROJECT_VERSION = 1;
				DEVELOPMENT_TEAM = U4GT5CZ7J7;
				ENABLE_USER_SCRIPT_SANDBOXING = YES;
				GCC_C_LANGUAGE_STANDARD = gnu17;
				GENERATE_INFOPLIST_FILE = YES;
				IPHONEOS_DEPLOYMENT_TARGET = 18.6;
				LOCALIZATION_PREFERS_STRING_CATALOGS = YES;
				MARKETING_VERSION = 1.0;
				PRODUCT_BUNDLE_IDENTIFIER = trahe.eu.RoomPlanSimpleTests;
				PRODUCT_NAME = "$(TARGET_NAME)";
				STRING_CATALOG_GENERATE_SYMBOLS = NO;
				SWIFT_APPROACHABLE_CONCURRENCY = YES;
				SWIFT_EMIT_LOC_STRINGS = NO;
				SWIFT_UPCOMING_FEATURE_MEMBER_IMPORT_VISIBILITY = YES;
				SWIFT_VERSION = 5.0;
				TARGETED_DEVICE_FAMILY = "1,2";
				TEST_HOST = "$(BUILT_PRODUCTS_DIR)/RoomPlanSimple.app/$(BUNDLE_EXECUTABLE_FOLDER_PATH)/RoomPlanSimple";
			};
			name = Release;
		};
		ACEF94BF2820AD2400776A9D /* Debug */ = {
			isa = XCBuildConfiguration;
			buildSettings = {
				ALWAYS_SEARCH_USER_PATHS = NO;
				CLANG_ANALYZER_NONNULL = YES;
				CLANG_ANALYZER_NUMBER_OBJECT_CONVERSION = YES_AGGRESSIVE;
				CLANG_CXX_LANGUAGE_STANDARD = "gnu++17";
				CLANG_ENABLE_MODULES = YES;
				CLANG_ENABLE_OBJC_ARC = YES;
				CLANG_ENABLE_OBJC_WEAK = YES;
				CLANG_WARN_BLOCK_CAPTURE_AUTORELEASING = YES;
				CLANG_WARN_BOOL_CONVERSION = YES;
				CLANG_WARN_COMMA = YES;
				CLANG_WARN_CONSTANT_CONVERSION = YES;
				CLANG_WARN_DEPRECATED_OBJC_IMPLEMENTATIONS = YES;
				CLANG_WARN_DIRECT_OBJC_ISA_USAGE = YES_ERROR;
				CLANG_WARN_DOCUMENTATION_COMMENTS = YES;
				CLANG_WARN_EMPTY_BODY = YES;
				CLANG_WARN_ENUM_CONVERSION = YES;
				CLANG_WARN_INFINITE_RECURSION = YES;
				CLANG_WARN_INT_CONVERSION = YES;
				CLANG_WARN_NON_LITERAL_NULL_CONVERSION = YES;
				CLANG_WARN_OBJC_IMPLICIT_RETAIN_SELF = YES;
				CLANG_WARN_OBJC_LITERAL_CONVERSION = YES;
				CLANG_WARN_OBJC_ROOT_CLASS = YES_ERROR;
				CLANG_WARN_QUOTED_INCLUDE_IN_FRAMEWORK_HEADER = YES;
				CLANG_WARN_RANGE_LOOP_ANALYSIS = YES;
				CLANG_WARN_STRICT_PROTOTYPES = YES;
				CLANG_WARN_SUSPICIOUS_MOVE = YES;
				CLANG_WARN_UNGUARDED_AVAILABILITY = YES_AGGRESSIVE;
				CLANG_WARN_UNREACHABLE_CODE = YES;
				CLANG_WARN__DUPLICATE_METHOD_MATCH = YES;
				COPY_PHASE_STRIP = NO;
				DEBUG_INFORMATION_FORMAT = dwarf;
				ENABLE_STRICT_OBJC_MSGSEND = YES;
				ENABLE_TESTABILITY = YES;
				GCC_C_LANGUAGE_STANDARD = gnu11;
				GCC_DYNAMIC_NO_PIC = NO;
				GCC_NO_COMMON_BLOCKS = YES;
				GCC_OPTIMIZATION_LEVEL = 0;
				GCC_PREPROCESSOR_DEFINITIONS = (
					"DEBUG=1",
					"$(inherited)",
				);
				GCC_WARN_64_TO_32_BIT_CONVERSION = YES;
				GCC_WARN_ABOUT_RETURN_TYPE = YES_ERROR;
				GCC_WARN_UNDECLARED_SELECTOR = YES;
				GCC_WARN_UNINITIALIZED_AUTOS = YES_AGGRESSIVE;
				GCC_WARN_UNUSED_FUNCTION = YES;
				GCC_WARN_UNUSED_VARIABLE = YES;
				INFOPLIST_KEY_NSCameraUsageDescription = "";
				IPHONEOS_DEPLOYMENT_TARGET = 16.0;
				MTL_ENABLE_DEBUG_INFO = INCLUDE_SOURCE;
				MTL_FAST_MATH = YES;
				ONLY_ACTIVE_ARCH = YES;
				SDKROOT = iphoneos;
				SWIFT_ACTIVE_COMPILATION_CONDITIONS = DEBUG;
				SWIFT_OPTIMIZATION_LEVEL = "-Onone";
			};
			name = Debug;
		};
		ACEF94C02820AD2400776A9D /* Release */ = {
			isa = XCBuildConfiguration;
			buildSettings = {
				ALWAYS_SEARCH_USER_PATHS = NO;
				CLANG_ANALYZER_NONNULL = YES;
				CLANG_ANALYZER_NUMBER_OBJECT_CONVERSION = YES_AGGRESSIVE;
				CLANG_CXX_LANGUAGE_STANDARD = "gnu++17";
				CLANG_ENABLE_MODULES = YES;
				CLANG_ENABLE_OBJC_ARC = YES;
				CLANG_ENABLE_OBJC_WEAK = YES;
				CLANG_WARN_BLOCK_CAPTURE_AUTORELEASING = YES;
				CLANG_WARN_BOOL_CONVERSION = YES;
				CLANG_WARN_COMMA = YES;
				CLANG_WARN_CONSTANT_CONVERSION = YES;
				CLANG_WARN_DEPRECATED_OBJC_IMPLEMENTATIONS = YES;
				CLANG_WARN_DIRECT_OBJC_ISA_USAGE = YES_ERROR;
				CLANG_WARN_DOCUMENTATION_COMMENTS = YES;
				CLANG_WARN_EMPTY_BODY = YES;
				CLANG_WARN_ENUM_CONVERSION = YES;
				CLANG_WARN_INFINITE_RECURSION = YES;
				CLANG_WARN_INT_CONVERSION = YES;
				CLANG_WARN_NON_LITERAL_NULL_CONVERSION = YES;
				CLANG_WARN_OBJC_IMPLICIT_RETAIN_SELF = YES;
				CLANG_WARN_OBJC_LITERAL_CONVERSION = YES;
				CLANG_WARN_OBJC_ROOT_CLASS = YES_ERROR;
				CLANG_WARN_QUOTED_INCLUDE_IN_FRAMEWORK_HEADER = YES;
				CLANG_WARN_RANGE_LOOP_ANALYSIS = YES;
				CLANG_WARN_STRICT_PROTOTYPES = YES;
				CLANG_WARN_SUSPICIOUS_MOVE = YES;
				CLANG_WARN_UNGUARDED_AVAILABILITY = YES_AGGRESSIVE;
				CLANG_WARN_UNREACHABLE_CODE = YES;
				CLANG_WARN__DUPLICATE_METHOD_MATCH = YES;
				COPY_PHASE_STRIP = NO;
				DEBUG_INFORMATION_FORMAT = "dwarf-with-dsym";
				ENABLE_NS_ASSERTIONS = NO;
				ENABLE_STRICT_OBJC_MSGSEND = YES;
				GCC_C_LANGUAGE_STANDARD = gnu11;
				GCC_NO_COMMON_BLOCKS = YES;
				GCC_WARN_64_TO_32_BIT_CONVERSION = YES;
				GCC_WARN_ABOUT_RETURN_TYPE = YES_ERROR;
				GCC_WARN_UNDECLARED_SELECTOR = YES;
				GCC_WARN_UNINITIALIZED_AUTOS = YES_AGGRESSIVE;
				GCC_WARN_UNUSED_FUNCTION = YES;
				GCC_WARN_UNUSED_VARIABLE = YES;
				INFOPLIST_KEY_NSCameraUsageDescription = "";
				IPHONEOS_DEPLOYMENT_TARGET = 16.0;
				MTL_ENABLE_DEBUG_INFO = NO;
				MTL_FAST_MATH = YES;
				SDKROOT = iphoneos;
				SWIFT_COMPILATION_MODE = wholemodule;
				SWIFT_OPTIMIZATION_LEVEL = "-O";
				VALIDATE_PRODUCT = YES;
			};
			name = Release;
		};
		ACEF94C22820AD2400776A9D /* Debug */ = {
			isa = XCBuildConfiguration;
			buildSettings = {
				ASSETCATALOG_COMPILER_APPICON_NAME = AppIcon;
				ASSETCATALOG_COMPILER_GLOBAL_ACCENT_COLOR_NAME = AccentColor;
				CODE_SIGN_IDENTITY = "iPhone Developer";
				CODE_SIGN_STYLE = Automatic;
				CURRENT_PROJECT_VERSION = 1;
				DEVELOPMENT_TEAM = U4GT5CZ7J7;
				GENERATE_INFOPLIST_FILE = YES;
				INFOPLIST_FILE = RoomPlanSimple/Info.plist;
				INFOPLIST_KEY_LSApplicationCategoryType = "public.app-category.productivity";
				INFOPLIST_KEY_NSCameraUsageDescription = "RoomCaptureView Requires Camera Access";
				INFOPLIST_KEY_UIApplicationSupportsIndirectInputEvents = YES;
				INFOPLIST_KEY_UIMainStoryboardFile = Main;
				INFOPLIST_KEY_UISupportedInterfaceOrientations_iPad = "UIInterfaceOrientationPortrait UIInterfaceOrientationPortraitUpsideDown UIInterfaceOrientationLandscapeLeft UIInterfaceOrientationLandscapeRight";
				INFOPLIST_KEY_UISupportedInterfaceOrientations_iPhone = "UIInterfaceOrientationPortrait UIInterfaceOrientationLandscapeLeft UIInterfaceOrientationLandscapeRight";
				IPHONEOS_DEPLOYMENT_TARGET = 18.6;
				LD_RUNPATH_SEARCH_PATHS = (
					"$(inherited)",
					"@executable_path/Frameworks",
				);
				MARKETING_VERSION = 1.0;
				PRODUCT_BUNDLE_IDENTIFIER = trahe.eu.RoomPlanSimple;
				PRODUCT_NAME = "$(TARGET_NAME)";
				PROVISIONING_PROFILE_SPECIFIER = "";
				SDKROOT = iphoneos;
				SWIFT_EMIT_LOC_STRINGS = YES;
				SWIFT_VERSION = 5.0;
				TARGETED_DEVICE_FAMILY = "1,2";
			};
			name = Debug;
		};
		ACEF94C32820AD2400776A9D /* Release */ = {
			isa = XCBuildConfiguration;
			buildSettings = {
				ASSETCATALOG_COMPILER_APPICON_NAME = AppIcon;
				ASSETCATALOG_COMPILER_GLOBAL_ACCENT_COLOR_NAME = AccentColor;
				CODE_SIGN_IDENTITY = "iPhone Developer";
				CODE_SIGN_STYLE = Automatic;
				CURRENT_PROJECT_VERSION = 1;
				DEVELOPMENT_TEAM = U4GT5CZ7J7;
				GENERATE_INFOPLIST_FILE = YES;
				INFOPLIST_FILE = RoomPlanSimple/Info.plist;
				INFOPLIST_KEY_LSApplicationCategoryType = "public.app-category.productivity";
				INFOPLIST_KEY_NSCameraUsageDescription = "RoomCaptureView Requires Camera Access";
				INFOPLIST_KEY_UIApplicationSupportsIndirectInputEvents = YES;
				INFOPLIST_KEY_UIMainStoryboardFile = Main;
				INFOPLIST_KEY_UISupportedInterfaceOrientations_iPad = "UIInterfaceOrientationPortrait UIInterfaceOrientationPortraitUpsideDown UIInterfaceOrientationLandscapeLeft UIInterfaceOrientationLandscapeRight";
				INFOPLIST_KEY_UISupportedInterfaceOrientations_iPhone = "UIInterfaceOrientationPortrait UIInterfaceOrientationLandscapeLeft UIInterfaceOrientationLandscapeRight";
				IPHONEOS_DEPLOYMENT_TARGET = 18.6;
				LD_RUNPATH_SEARCH_PATHS = (
					"$(inherited)",
					"@executable_path/Frameworks",
				);
				MARKETING_VERSION = 1.0;
				PRODUCT_BUNDLE_IDENTIFIER = trahe.eu.RoomPlanSimple;
				PRODUCT_NAME = "$(TARGET_NAME)";
				PROVISIONING_PROFILE_SPECIFIER = "";
				SDKROOT = iphoneos;
				SWIFT_EMIT_LOC_STRINGS = YES;
				SWIFT_VERSION = 5.0;
				TARGETED_DEVICE_FAMILY = "1,2";
			};
			name = Release;
		};
/* End XCBuildConfiguration section */

/* Begin XCConfigurationList section */
		21B8419D2EE1FF7B00502C5E /* Build configuration list for PBXNativeTarget "RoomPlanSimpleUITests" */ = {
			isa = XCConfigurationList;
			buildConfigurations = (
				21B8419B2EE1FF7B00502C5E /* Debug */,
				21B8419C2EE1FF7B00502C5E /* Release */,
			);
			defaultConfigurationIsVisible = 0;
			defaultConfigurationName = Release;
		};
		21B841AC2EE200CA00502C5E /* Build configuration list for PBXNativeTarget "RoomPlanSimpleTests" */ = {
			isa = XCConfigurationList;
			buildConfigurations = (
				21B841AD2EE200CA00502C5E /* Debug */,
				21B841AE2EE200CA00502C5E /* Release */,
			);
			defaultConfigurationIsVisible = 0;
			defaultConfigurationName = Release;
		};
		ACEF94A82820AD2300776A9D /* Build configuration list for PBXProject "RoomPlanSimple" */ = {
			isa = XCConfigurationList;
			buildConfigurations = (
				ACEF94BF2820AD2400776A9D /* Debug */,
				ACEF94C02820AD2400776A9D /* Release */,
			);
			defaultConfigurationIsVisible = 0;
			defaultConfigurationName = Release;
		};
		ACEF94C12820AD2400776A9D /* Build configuration list for PBXNativeTarget "RoomPlanSimple" */ = {
			isa = XCConfigurationList;
			buildConfigurations = (
				ACEF94C22820AD2400776A9D /* Debug */,
				ACEF94C32820AD2400776A9D /* Release */,
			);
			defaultConfigurationIsVisible = 0;
			defaultConfigurationName = Release;
		};
/* End XCConfigurationList section */
	};
	rootObject = ACEF94A52820AD2300776A9D /* Project object */;
}
